
Microsoft Visual Studio Solution File, Format Version 12.00
# Visual Studio Version 16
VisualStudioVersion = 16.0.31911.196
MinimumVisualStudioVersion = 10.0.40219.1
Project("{FAE04EC0-301F-11D3-BF4B-00C04F79EFBC}") = "AMIAApplicant", "AMIAApplicant\AMIAApplicant.csproj", "{62AC3F46-193F-429A-A1E0-ACF7C5A9E924}"
EndProject
Global
	GlobalSection(SolutionConfigurationPlatforms) = preSolution
		Debug|Any CPU = Debug|Any CPU
		Release|Any CPU = Release|Any CPU
	EndGlobalSection
	GlobalSection(ProjectConfigurationPlatforms) = postSolution
		{62AC3F46-193F-429A-A1E0-ACF7C5A9E924}.Debug|Any CPU.ActiveCfg = Debug|Any CPU
		{62AC3F46-193F-429A-A1E0-ACF7C5A9E924}.Debug|Any CPU.Build.0 = Debug|Any CPU
		{62AC3F46-193F-429A-A1E0-ACF7C5A9E924}.Release|Any CPU.ActiveCfg = Release|Any CPU
		{62AC3F46-193F-429A-A1E0-ACF7C5A9E924}.Release|Any CPU.Build.0 = Release|Any CPU
	EndGlobalSection
	GlobalSection(SolutionProperties) = preSolution
		HideSolutionNode = FALSE
	EndGlobalSection
	GlobalSection(ExtensibilityGlobals) = postSolution
		SolutionGuid = {AA2728A2-D865-4DD0-A5B9-7B1B0E540E03}
	EndGlobalSection
EndGlobal
